
Microsoft Visual Studio Solution File, Format Version 12.00
# Visual Studio Version 17
VisualStudioVersion = 17.9.34723.18
MinimumVisualStudioVersion = 10.0.40219.1
Project("{888888A0-9F3D-457C-B088-3A5042F75D52}") = "scraping", "scraping.pyproj", "{2A5CC1E3-5DC6-4737-841F-884A30B2A4C4}"
EndProject
Global
	GlobalSection(SolutionConfigurationPlatforms) = preSolution
		Debug|Any CPU = Debug|Any CPU
		Release|Any CPU = Release|Any CPU
	EndGlobalSection
	GlobalSection(ProjectConfigurationPlatforms) = postSolution
		{2A5CC1E3-5DC6-4737-841F-884A30B2A4C4}.Debug|Any CPU.ActiveCfg = Debug|Any CPU
		{2A5CC1E3-5DC6-4737-841F-884A30B2A4C4}.Release|Any CPU.ActiveCfg = Release|Any CPU
	EndGlobalSection
	GlobalSection(SolutionProperties) = preSolution
		HideSolutionNode = FALSE
	EndGlobalSection
	GlobalSection(ExtensibilityGlobals) = postSolution
		SolutionGuid = {446B6BA9-617D-430F-AE26-9A37BE3BB59E}
	EndGlobalSection
EndGlobal
